// !$*UTF8*$!
{
	archiveVersion = 1;
	classes = {
	};
	objectVersion = 46;
	objects = {

/* Begin PBXBuildFile section */
		A12702B31C8F750200BA9673 /* AppDelegate.swift in Sources */ = {isa = PBXBuildFile; fileRef = A12702B21C8F750200BA9673 /* AppDelegate.swift */; };
		A12702B51C8F750200BA9673 /* ViewController.swift in Sources */ = {isa = PBXBuildFile; fileRef = A12702B41C8F750200BA9673 /* ViewController.swift */; };
		A12702B81C8F750200BA9673 /* Main.storyboard in Resources */ = {isa = PBXBuildFile; fileRef = A12702B61C8F750200BA9673 /* Main.storyboard */; };
		A12702BA1C8F750200BA9673 /* Assets.xcassets in Resources */ = {isa = PBXBuildFile; fileRef = A12702B91C8F750200BA9673 /* Assets.xcassets */; };
		A12702BD1C8F750200BA9673 /* LaunchScreen.storyboard in Resources */ = {isa = PBXBuildFile; fileRef = A12702BB1C8F750200BA9673 /* LaunchScreen.storyboard */; };
		A1B2734B1C8FF96100813925 /* shot1.png in Resources */ = {isa = PBXBuildFile; fileRef = A1B273461C8FF96100813925 /* shot1.png */; };
		A1B2734C1C8FF96100813925 /* shot2.png in Resources */ = {isa = PBXBuildFile; fileRef = A1B273471C8FF96100813925 /* shot2.png */; };
		A1B2734D1C8FF96100813925 /* shot3.png in Resources */ = {isa = PBXBuildFile; fileRef = A1B273481C8FF96100813925 /* shot3.png */; };
		A1B2734E1C8FF96100813925 /* ahot4.png in Resources */ = {isa = PBXBuildFile; fileRef = A1B273491C8FF96100813925 /* ahot4.png */; };
		A1B2734F1C8FF96100813925 /* shot5.png in Resources */ = {isa = PBXBuildFile; fileRef = A1B2734A1C8FF96100813925 /* shot5.png */; };
/* End PBXBuildFile section */

/* Begin PBXFileReference section */
		A12702AF1C8F750200BA9673 /* RedAndBlue.app */ = {isa = PBXFileReference; explicitFileType = wrapper.application; includeInIndex = 0; path = RedAndBlue.app; sourceTree = BUILT_PRODUCTS_DIR; };
		A12702B21C8F750200BA9673 /* AppDelegate.swift */ = {isa = PBXFileReference; lastKnownFileType = sourcecode.swift; path = AppDelegate.swift; sourceTree = "<group>"; };
		A12702B41C8F750200BA9673 /* ViewController.swift */ = {isa = PBXFileReference; lastKnownFileType = sourcecode.swift; path = ViewController.swift; sourceTree = "<group>"; };
		A12702B71C8F750200BA9673 /* Base */ = {isa = PBXFileReference; lastKnownFileType = file.storyboard; name = Base; path = Base.lproj/Main.storyboard; sourceTree = "<group>"; };
		A12702B91C8F750200BA9673 /* Assets.xcassets */ = {isa = PBXFileReference; lastKnownFileType = folder.assetcatalog; path = Assets.xcassets; sourceTree = "<group>"; };
		A12702BC1C8F750200BA9673 /* Base */ = {isa = PBXFileReference; lastKnownFileType = file.storyboard; name = Base; path = Base.lproj/LaunchScreen.storyboard; sourceTree = "<group>"; };
		A12702BE1C8F750200BA9673 /* Info.plist */ = {isa = PBXFileReference; lastKnownFileType = text.plist.xml; path = Info.plist; sourceTree = "<group>"; };
		A1B273461C8FF96100813925 /* shot1.png */ = {isa = PBXFileReference; lastKnownFileType = image.png; path = shot1.png; sourceTree = "<group>"; };
		A1B273471C8FF96100813925 /* shot2.png */ = {isa = PBXFileReference; lastKnownFileType = image.png; path = shot2.png; sourceTree = "<group>"; };
		A1B273481C8FF96100813925 /* shot3.png */ = {isa = PBXFileReference; lastKnownFileType = image.png; path = shot3.png; sourceTree = "<group>"; };
		A1B273491C8FF96100813925 /* ahot4.png */ = {isa = PBXFileReference; lastKnownFileType = image.png; path = ahot4.png; sourceTree = "<group>"; };
		A1B2734A1C8FF96100813925 /* shot5.png */ = {isa = PBXFileReference; lastKnownFileType = image.png; path = shot5.png; sourceTree = "<group>"; };
/* End PBXFileReference section */

/* Begin PBXFrameworksBuildPhase section */
		A12702AC1C8F750200BA9673 /* Frameworks */ = {
			isa = PBXFrameworksBuildPhase;
			buildActionMask = 2147483647;
			files = (
			);
			runOnlyForDeploymentPostprocessing = 0;
		};
/* End PBXFrameworksBuildPhase section */

/* Begin PBXGroup section */
		A12702A61C8F750200BA9673 = {
			isa = PBXGroup;
			children = (
				A12702B11C8F750200BA9673 /* RedAndBlue */,
				A12702B01C8F750200BA9673 /* Products */,
			);
			sourceTree = "<group>";
		};
		A12702B01C8F750200BA9673 /* Products */ = {
			isa = PBXGroup;
			children = (
				A12702AF1C8F750200BA9673 /* RedAndBlue.app */,
			);
			name = Products;
			sourceTree = "<group>";
		};
		A12702B11C8F750200BA9673 /* RedAndBlue */ = {
			isa = PBXGroup;
			children = (
				A12702B21C8F750200BA9673 /* AppDelegate.swift */,
				A12702B41C8F750200BA9673 /* ViewController.swift */,
				A12702B61C8F750200BA9673 /* Main.storyboard */,
				A12702B91C8F750200BA9673 /* Assets.xcassets */,
				A1B273461C8FF96100813925 /* shot1.png */,
				A1B273471C8FF96100813925 /* shot2.png */,
				A1B273481C8FF96100813925 /* shot3.png */,
				A1B273491C8FF96100813925 /* ahot4.png */,
				A1B2734A1C8FF96100813925 /* shot5.png */,
				A12702BB1C8F750200BA9673 /* LaunchScreen.storyboard */,
				A12702BE1C8F750200BA9673 /* Info.plist */,
			);
			path = RedAndBlue;
			sourceTree = "<group>";
		};
/* End PBXGroup section */

/* Begin PBXNativeTarget section */
		A12702AE1C8F750200BA9673 /* RedAndBlue */ = {
			isa = PBXNativeTarget;
			buildConfigurationList = A12702C11C8F750200BA9673 /* Build configuration list for PBXNativeTarget "RedAndBlue" */;
			buildPhases = (
				A12702AB1C8F750200BA9673 /* Sources */,
				A12702AC1C8F750200BA9673 /* Frameworks */,
				A12702AD1C8F750200BA9673 /* Resources */,
			);
			buildRules = (
			);
			dependencies = (
			);
			name = RedAndBlue;
			productName = RedAndBlue;
			productReference = A12702AF1C8F750200BA9673 /* RedAndBlue.app */;
			productType = "com.apple.product-type.application";
		};
/* End PBXNativeTarget section */

/* Begin PBXProject section */
		A12702A71C8F750200BA9673 /* Project object */ = {
			isa = PBXProject;
			attributes = {
				LastSwiftUpdateCheck = 0720;
				LastUpgradeCheck = 0720;
				ORGANIZATIONNAME = "Tanveer Bashir";
				TargetAttributes = {
					A12702AE1C8F750200BA9673 = {
						CreatedOnToolsVersion = 7.2.1;
					};
				};
			};
			buildConfigurationList = A12702AA1C8F750200BA9673 /* Build configuration list for PBXProject "RedAndBlue" */;
			compatibilityVersion = "Xcode 3.2";
			developmentRegion = English;
			hasScannedForEncodings = 0;
			knownRegions = (
				en,
				Base,
			);
			mainGroup = A12702A61C8F750200BA9673;
			productRefGroup = A12702B01C8F750200BA9673 /* Products */;
			projectDirPath = "";
			projectRoot = "";
			targets = (
				A12702AE1C8F750200BA9673 /* RedAndBlue */,
			);
		};
/* End PBXProject section */

/* Begin PBXResourcesBuildPhase section */
		A12702AD1C8F750200BA9673 /* Resources */ = {
			isa = PBXResourcesBuildPhase;
			buildActionMask = 2147483647;
			files = (
				A1B2734F1C8FF96100813925 /* shot5.png in Resources */,
				A1B2734B1C8FF96100813925 /* shot1.png in Resources */,
				A12702BD1C8F750200BA9673 /* LaunchScreen.storyboard in Resources */,
				A1B2734C1C8FF96100813925 /* shot2.png in Resources */,
				A1B2734D1C8FF96100813925 /* shot3.png in Resources */,
				A12702BA1C8F750200BA9673 /* Assets.xcassets in Resources */,
				A1B2734E1C8FF96100813925 /* ahot4.png in Resources */,
				A12702B81C8F750200BA9673 /* Main.storyboard in Resources */,
			);
			runOnlyForDeploymentPostprocessing = 0;
		};
/* End PBXResourcesBuildPhase section */

/* Begin PBXSourcesBuildPhase section */
		A12702AB1C8F750200BA9673 /* Sources */ = {
			isa = PBXSourcesBuildPhase;
			buildActionMask = 2147483647;
			files = (
				A12702B51C8F750200BA9673 /* ViewController.swift in Sources */,
				A12702B31C8F750200BA9673 /* AppDelegate.swift in Sources */,
			);
			runOnlyForDeploymentPostprocessing = 0;
		};
/* End PBXSourcesBuildPhase section */

/* Begin PBXVariantGroup section */
		A12702B61C8F750200BA9673 /* Main.storyboard */ = {
			isa = PBXVariantGroup;
			children = (
				A12702B71C8F750200BA9673 /* Base */,
			);
			name = Main.storyboard;
			sourceTree = "<group>";
		};
		A12702BB1C8F750200BA9673 /* LaunchScreen.storyboard */ = {
			isa = PBXVariantGroup;
			children = (
				A12702BC1C8F750200BA9673 /* Base */,
			);
			name = LaunchScreen.storyboard;
			sourceTree = "<group>";
		};
/* End PBXVariantGroup section */

/* Begin XCBuildConfiguration section */
		A12702BF1C8F750200BA9673 /* Debug */ = {
			isa = XCBuildConfiguration;
			buildSettings = {
				ALWAYS_SEARCH_USER_PATHS = NO;
				CLANG_CXX_LANGUAGE_STANDARD = "gnu++0x";
				CLANG_CXX_LIBRARY = "libc++";
				CLANG_ENABLE_MODULES = YES;
				CLANG_ENABLE_OBJC_ARC = YES;
				CLANG_WARN_BOOL_CONVERSION = YES;
				CLANG_WARN_CONSTANT_CONVERSION = YES;
				CLANG_WARN_DIRECT_OBJC_ISA_USAGE = YES_ERROR;
				CLANG_WARN_EMPTY_BODY = YES;
				CLANG_WARN_ENUM_CONVERSION = YES;
				CLANG_WARN_INT_CONVERSION = YES;
				CLANG_WARN_OBJC_ROOT_CLASS = YES_ERROR;
				CLANG_WARN_UNREACHABLE_CODE = YES;
				CLANG_WARN__DUPLICATE_METHOD_MATCH = YES;
				"CODE_SIGN_IDENTITY[sdk=iphoneos*]" = "iPhone Developer";
				COPY_PHASE_STRIP = NO;
				DEBUG_INFORMATION_FORMAT = dwarf;
				ENABLE_STRICT_OBJC_MSGSEND = YES;
				ENABLE_TESTABILITY = YES;
				GCC_C_LANGUAGE_STANDARD = gnu99;
				GCC_DYNAMIC_NO_PIC = NO;
				GCC_NO_COMMON_BLOCKS = YES;
				GCC_OPTIMIZATION_LEVEL = 0;
				GCC_PREPROCESSOR_DEFINITIONS = (
					"DEBUG=1",
					"$(inherited)",
				);
				GCC_WARN_64_TO_32_BIT_CONVERSION = YES;
				GCC_WARN_ABOUT_RETURN_TYPE = YES_ERROR;
				GCC_WARN_UNDECLARED_SELECTOR = YES;
				GCC_WARN_UNINITIALIZED_AUTOS = YES_AGGRESSIVE;
				GCC_WARN_UNUSED_FUNCTION = YES;
				GCC_WARN_UNUSED_VARIABLE = YES;
				IPHONEOS_DEPLOYMENT_TARGET = 9.2;
				MTL_ENABLE_DEBUG_INFO = YES;
				ONLY_ACTIVE_ARCH = YES;
				SDKROOT = iphoneos;
				SWIFT_OPTIMIZATION_LEVEL = "-Onone";
			};
			name = Debug;
		};
		A12702C01C8F750200BA9673 /* Release */ = {
			isa = XCBuildConfiguration;
			buildSettings = {
				ALWAYS_SEARCH_USER_PATHS = NO;
				CLANG_CXX_LANGUAGE_STANDARD = "gnu++0x";
				CLANG_CXX_LIBRARY = "libc++";
				CLANG_ENABLE_MODULES = YES;
				CLANG_ENABLE_OBJC_ARC = YES;
				CLANG_WARN_BOOL_CONVERSION = YES;
				CLANG_WARN_CONSTANT_CONVERSION = YES;
				CLANG_WARN_DIRECT_OBJC_ISA_USAGE = YES_ERROR;
				CLANG_WARN_EMPTY_BODY = YES;
				CLANG_WARN_ENUM_CONVERSION = YES;
				CLANG_WARN_INT_CONVERSION = YES;
				CLANG_WARN_OBJC_ROOT_CLASS = YES_ERROR;
				CLANG_WARN_UNREACHABLE_CODE = YES;
				CLANG_WARN__DUPLICATE_METHOD_MATCH = YES;
				"CODE_SIGN_IDENTITY[sdk=iphoneos*]" = "iPhone Developer";
				COPY_PHASE_STRIP = NO;
				DEBUG_INFORMATION_FORMAT = "dwarf-with-dsym";
				ENABLE_NS_ASSERTIONS = NO;
				ENABLE_STRICT_OBJC_MSGSEND = YES;
				GCC_C_LANGUAGE_STANDARD = gnu99;
				GCC_NO_COMMON_BLOCKS = YES;
				GCC_WARN_64_TO_32_BIT_CONVERSION = YES;
				GCC_WARN_ABOUT_RETURN_TYPE = YES_ERROR;
				GCC_WARN_UNDECLARED_SELECTOR = YES;
				GCC_WARN_UNINITIALIZED_AUTOS = YES_AGGRESSIVE;
				GCC_WARN_UNUSED_FUNCTION = YES;
				GCC_WARN_UNUSED_VARIABLE = YES;
				IPHONEOS_DEPLOYMENT_TARGET = 9.2;
				MTL_ENABLE_DEBUG_INFO = NO;
				SDKROOT = iphoneos;
				VALIDATE_PRODUCT = YES;
			};
			name = Release;
		};
		A12702C21C8F750200BA9673 /* Debug */ = {
			isa = XCBuildConfiguration;
			buildSettings = {
				ASSETCATALOG_COMPILER_APPICON_NAME = AppIcon;
				INFOPLIST_FILE = RedAndBlue/Info.plist;
				LD_RUNPATH_SEARCH_PATHS = "$(inherited) @executable_path/Frameworks";
				PRODUCT_BUNDLE_IDENTIFIER = com.tanveerbashir.RedAndBlue;
				PRODUCT_NAME = "$(TARGET_NAME)";
			};
			name = Debug;
		};
		A12702C31C8F750200BA9673 /* Release */ = {
			isa = XCBuildConfiguration;
			buildSettings = {
				ASSETCATALOG_COMPILER_APPICON_NAME = AppIcon;
				INFOPLIST_FILE = RedAndBlue/Info.plist;
				LD_RUNPATH_SEARCH_PATHS = "$(inherited) @executable_path/Frameworks";
				PRODUCT_BUNDLE_IDENTIFIER = com.tanveerbashir.RedAndBlue;
				PRODUCT_NAME = "$(TARGET_NAME)";
			};
			name = Release;
		};
/* End XCBuildConfiguration section */

/* Begin XCConfigurationList section */
		A12702AA1C8F750200BA9673 /* Build configuration list for PBXProject "RedAndBlue" */ = {
			isa = XCConfigurationList;
			buildConfigurations = (
				A12702BF1C8F750200BA9673 /* Debug */,
				A12702C01C8F750200BA9673 /* Release */,
			);
			defaultConfigurationIsVisible = 0;
			defaultConfigurationName = Release;
		};
		A12702C11C8F750200BA9673 /* Build configuration list for PBXNativeTarget "RedAndBlue" */ = {
			isa = XCConfigurationList;
			buildConfigurations = (
				A12702C21C8F750200BA9673 /* Debug */,
				A12702C31C8F750200BA9673 /* Release */,
			);
			defaultConfigurationIsVisible = 0;
			defaultConfigurationName = Release;
		};
/* End XCConfigurationList section */
	};
	rootObject = A12702A71C8F750200BA9673 /* Project object */;
}
